// !$*UTF8*$!
{
	archiveVersion = 1;
	classes = {
	};
	objectVersion = 60;
	objects = {

/* Begin PBXBuildFile section */
		056FD8642C7F577F00D8D4E6 /* FetchAssignmentApp.swift in Sources */ = {isa = PBXBuildFile; fileRef = 056FD8632C7F577F00D8D4E6 /* FetchAssignmentApp.swift */; };
		056FD8662C7F577F00D8D4E6 /* ContentView.swift in Sources */ = {isa = PBXBuildFile; fileRef = 056FD8652C7F577F00D8D4E6 /* ContentView.swift */; };
		056FD8682C7F578100D8D4E6 /* Assets.xcassets in Resources */ = {isa = PBXBuildFile; fileRef = 056FD8672C7F578100D8D4E6 /* Assets.xcassets */; };
		056FD86B2C7F578100D8D4E6 /* Preview Assets.xcassets in Resources */ = {isa = PBXBuildFile; fileRef = 056FD86A2C7F578100D8D4E6 /* Preview Assets.xcassets */; };
		056FD8752C7F578100D8D4E6 /* FetchAssignmentTests.swift in Sources */ = {isa = PBXBuildFile; fileRef = 056FD8742C7F578100D8D4E6 /* FetchAssignmentTests.swift */; };
		056FD87F2C7F578100D8D4E6 /* FetchAssignmentUITests.swift in Sources */ = {isa = PBXBuildFile; fileRef = 056FD87E2C7F578100D8D4E6 /* FetchAssignmentUITests.swift */; };
		056FD8812C7F578100D8D4E6 /* FetchAssignmentUITestsLaunchTests.swift in Sources */ = {isa = PBXBuildFile; fileRef = 056FD8802C7F578100D8D4E6 /* FetchAssignmentUITestsLaunchTests.swift */; };
		056FD88F2C7F581400D8D4E6 /* AppDomain in Frameworks */ = {isa = PBXBuildFile; productRef = 056FD88E2C7F581400D8D4E6 /* AppDomain */; };
		056FD8922C7F582900D8D4E6 /* AppUI in Frameworks */ = {isa = PBXBuildFile; productRef = 056FD8912C7F582900D8D4E6 /* AppUI */; };
		056FD8942C7F5A7F00D8D4E6 /* ContentViewModel.swift in Sources */ = {isa = PBXBuildFile; fileRef = 056FD8932C7F5A7F00D8D4E6 /* ContentViewModel.swift */; };
		056FD8962C7F63EF00D8D4E6 /* MealDetailsView.swift in Sources */ = {isa = PBXBuildFile; fileRef = 056FD8952C7F63EF00D8D4E6 /* MealDetailsView.swift */; };
		056FD8982C7F657400D8D4E6 /* MealDetailsViewModel.swift in Sources */ = {isa = PBXBuildFile; fileRef = 056FD8972C7F657400D8D4E6 /* MealDetailsViewModel.swift */; };
/* End PBXBuildFile section */

/* Begin PBXContainerItemProxy section */
		056FD8712C7F578100D8D4E6 /* PBXContainerItemProxy */ = {
			isa = PBXContainerItemProxy;
			containerPortal = 056FD8582C7F577F00D8D4E6 /* Project object */;
			proxyType = 1;
			remoteGlobalIDString = 056FD85F2C7F577F00D8D4E6;
			remoteInfo = FetchAssignment;
		};
		056FD87B2C7F578100D8D4E6 /* PBXContainerItemProxy */ = {
			isa = PBXContainerItemProxy;
			containerPortal = 056FD8582C7F577F00D8D4E6 /* Project object */;
			proxyType = 1;
			remoteGlobalIDString = 056FD85F2C7F577F00D8D4E6;
			remoteInfo = FetchAssignment;
		};
/* End PBXContainerItemProxy section */

/* Begin PBXFileReference section */
		056FD8602C7F577F00D8D4E6 /* FetchAssignment.app */ = {isa = PBXFileReference; explicitFileType = wrapper.application; includeInIndex = 0; path = FetchAssignment.app; sourceTree = BUILT_PRODUCTS_DIR; };
		056FD8632C7F577F00D8D4E6 /* FetchAssignmentApp.swift */ = {isa = PBXFileReference; lastKnownFileType = sourcecode.swift; path = FetchAssignmentApp.swift; sourceTree = "<group>"; };
		056FD8652C7F577F00D8D4E6 /* ContentView.swift */ = {isa = PBXFileReference; lastKnownFileType = sourcecode.swift; path = ContentView.swift; sourceTree = "<group>"; };
		056FD8672C7F578100D8D4E6 /* Assets.xcassets */ = {isa = PBXFileReference; lastKnownFileType = folder.assetcatalog; path = Assets.xcassets; sourceTree = "<group>"; };
		056FD86A2C7F578100D8D4E6 /* Preview Assets.xcassets */ = {isa = PBXFileReference; lastKnownFileType = folder.assetcatalog; path = "Preview Assets.xcassets"; sourceTree = "<group>"; };
		056FD8702C7F578100D8D4E6 /* FetchAssignmentTests.xctest */ = {isa = PBXFileReference; explicitFileType = wrapper.cfbundle; includeInIndex = 0; path = FetchAssignmentTests.xctest; sourceTree = BUILT_PRODUCTS_DIR; };
		056FD8742C7F578100D8D4E6 /* FetchAssignmentTests.swift */ = {isa = PBXFileReference; lastKnownFileType = sourcecode.swift; path = FetchAssignmentTests.swift; sourceTree = "<group>"; };
		056FD87A2C7F578100D8D4E6 /* FetchAssignmentUITests.xctest */ = {isa = PBXFileReference; explicitFileType = wrapper.cfbundle; includeInIndex = 0; path = FetchAssignmentUITests.xctest; sourceTree = BUILT_PRODUCTS_DIR; };
		056FD87E2C7F578100D8D4E6 /* FetchAssignmentUITests.swift */ = {isa = PBXFileReference; lastKnownFileType = sourcecode.swift; path = FetchAssignmentUITests.swift; sourceTree = "<group>"; };
		056FD8802C7F578100D8D4E6 /* FetchAssignmentUITestsLaunchTests.swift */ = {isa = PBXFileReference; lastKnownFileType = sourcecode.swift; path = FetchAssignmentUITestsLaunchTests.swift; sourceTree = "<group>"; };
		056FD8932C7F5A7F00D8D4E6 /* ContentViewModel.swift */ = {isa = PBXFileReference; lastKnownFileType = sourcecode.swift; path = ContentViewModel.swift; sourceTree = "<group>"; };
		056FD8952C7F63EF00D8D4E6 /* MealDetailsView.swift */ = {isa = PBXFileReference; fileEncoding = 4; lastKnownFileType = sourcecode.swift; path = MealDetailsView.swift; sourceTree = "<group>"; };
		056FD8972C7F657400D8D4E6 /* MealDetailsViewModel.swift */ = {isa = PBXFileReference; lastKnownFileType = sourcecode.swift; path = MealDetailsViewModel.swift; sourceTree = "<group>"; };
/* End PBXFileReference section */

/* Begin PBXFrameworksBuildPhase section */
		056FD85D2C7F577F00D8D4E6 /* Frameworks */ = {
			isa = PBXFrameworksBuildPhase;
			buildActionMask = 2147483647;
			files = (
				056FD8922C7F582900D8D4E6 /* AppUI in Frameworks */,
				056FD88F2C7F581400D8D4E6 /* AppDomain in Frameworks */,
			);
			runOnlyForDeploymentPostprocessing = 0;
		};
		056FD86D2C7F578100D8D4E6 /* Frameworks */ = {
			isa = PBXFrameworksBuildPhase;
			buildActionMask = 2147483647;
			files = (
			);
			runOnlyForDeploymentPostprocessing = 0;
		};
		056FD8772C7F578100D8D4E6 /* Frameworks */ = {
			isa = PBXFrameworksBuildPhase;
			buildActionMask = 2147483647;
			files = (
			);
			runOnlyForDeploymentPostprocessing = 0;
		};
/* End PBXFrameworksBuildPhase section */

/* Begin PBXGroup section */
		056FD8572C7F577F00D8D4E6 = {
			isa = PBXGroup;
			children = (
				056FD8622C7F577F00D8D4E6 /* FetchAssignment */,
				056FD8732C7F578100D8D4E6 /* FetchAssignmentTests */,
				056FD87D2C7F578100D8D4E6 /* FetchAssignmentUITests */,
				056FD8612C7F577F00D8D4E6 /* Products */,
			);
			sourceTree = "<group>";
		};
		056FD8612C7F577F00D8D4E6 /* Products */ = {
			isa = PBXGroup;
			children = (
				056FD8602C7F577F00D8D4E6 /* FetchAssignment.app */,
				056FD8702C7F578100D8D4E6 /* FetchAssignmentTests.xctest */,
				056FD87A2C7F578100D8D4E6 /* FetchAssignmentUITests.xctest */,
			);
			name = Products;
			sourceTree = "<group>";
		};
		056FD8622C7F577F00D8D4E6 /* FetchAssignment */ = {
			isa = PBXGroup;
			children = (
				056FD8632C7F577F00D8D4E6 /* FetchAssignmentApp.swift */,
				056FD8952C7F63EF00D8D4E6 /* MealDetailsView.swift */,
				056FD8972C7F657400D8D4E6 /* MealDetailsViewModel.swift */,
				056FD8932C7F5A7F00D8D4E6 /* ContentViewModel.swift */,
				056FD8652C7F577F00D8D4E6 /* ContentView.swift */,
				056FD8672C7F578100D8D4E6 /* Assets.xcassets */,
				056FD8692C7F578100D8D4E6 /* Preview Content */,
			);
			path = FetchAssignment;
			sourceTree = "<group>";
		};
		056FD8692C7F578100D8D4E6 /* Preview Content */ = {
			isa = PBXGroup;
			children = (
				056FD86A2C7F578100D8D4E6 /* Preview Assets.xcassets */,
			);
			path = "Preview Content";
			sourceTree = "<group>";
		};
		056FD8732C7F578100D8D4E6 /* FetchAssignmentTests */ = {
			isa = PBXGroup;
			children = (
				056FD8742C7F578100D8D4E6 /* FetchAssignmentTests.swift */,
			);
			path = FetchAssignmentTests;
			sourceTree = "<group>";
		};
		056FD87D2C7F578100D8D4E6 /* FetchAssignmentUITests */ = {
			isa = PBXGroup;
			children = (
				056FD87E2C7F578100D8D4E6 /* FetchAssignmentUITests.swift */,
				056FD8802C7F578100D8D4E6 /* FetchAssignmentUITestsLaunchTests.swift */,
			);
			path = FetchAssignmentUITests;
			sourceTree = "<group>";
		};
/* End PBXGroup section */

/* Begin PBXNativeTarget section */
		056FD85F2C7F577F00D8D4E6 /* FetchAssignment */ = {
			isa = PBXNativeTarget;
			buildConfigurationList = 056FD8842C7F578100D8D4E6 /* Build configuration list for PBXNativeTarget "FetchAssignment" */;
			buildPhases = (
				056FD85C2C7F577F00D8D4E6 /* Sources */,
				056FD85D2C7F577F00D8D4E6 /* Frameworks */,
				056FD85E2C7F577F00D8D4E6 /* Resources */,
			);
			buildRules = (
			);
			dependencies = (
			);
			name = FetchAssignment;
			packageProductDependencies = (
				056FD88E2C7F581400D8D4E6 /* AppDomain */,
				056FD8912C7F582900D8D4E6 /* AppUI */,
			);
			productName = FetchAssignment;
			productReference = 056FD8602C7F577F00D8D4E6 /* FetchAssignment.app */;
			productType = "com.apple.product-type.application";
		};
		056FD86F2C7F578100D8D4E6 /* FetchAssignmentTests */ = {
			isa = PBXNativeTarget;
			buildConfigurationList = 056FD8872C7F578100D8D4E6 /* Build configuration list for PBXNativeTarget "FetchAssignmentTests" */;
			buildPhases = (
				056FD86C2C7F578100D8D4E6 /* Sources */,
				056FD86D2C7F578100D8D4E6 /* Frameworks */,
				056FD86E2C7F578100D8D4E6 /* Resources */,
			);
			buildRules = (
			);
			dependencies = (
				056FD8722C7F578100D8D4E6 /* PBXTargetDependency */,
			);
			name = FetchAssignmentTests;
			productName = FetchAssignmentTests;
			productReference = 056FD8702C7F578100D8D4E6 /* FetchAssignmentTests.xctest */;
			productType = "com.apple.product-type.bundle.unit-test";
		};
		056FD8792C7F578100D8D4E6 /* FetchAssignmentUITests */ = {
			isa = PBXNativeTarget;
			buildConfigurationList = 056FD88A2C7F578100D8D4E6 /* Build configuration list for PBXNativeTarget "FetchAssignmentUITests" */;
			buildPhases = (
				056FD8762C7F578100D8D4E6 /* Sources */,
				056FD8772C7F578100D8D4E6 /* Frameworks */,
				056FD8782C7F578100D8D4E6 /* Resources */,
			);
			buildRules = (
			);
			dependencies = (
				056FD87C2C7F578100D8D4E6 /* PBXTargetDependency */,
			);
			name = FetchAssignmentUITests;
			productName = FetchAssignmentUITests;
			productReference = 056FD87A2C7F578100D8D4E6 /* FetchAssignmentUITests.xctest */;
			productType = "com.apple.product-type.bundle.ui-testing";
		};
/* End PBXNativeTarget section */

/* Begin PBXProject section */
		056FD8582C7F577F00D8D4E6 /* Project object */ = {
			isa = PBXProject;
			attributes = {
				BuildIndependentTargetsInParallel = 1;
				LastSwiftUpdateCheck = 1540;
				LastUpgradeCheck = 1540;
				TargetAttributes = {
					056FD85F2C7F577F00D8D4E6 = {
						CreatedOnToolsVersion = 15.4;
					};
					056FD86F2C7F578100D8D4E6 = {
						CreatedOnToolsVersion = 15.4;
						TestTargetID = 056FD85F2C7F577F00D8D4E6;
					};
					056FD8792C7F578100D8D4E6 = {
						CreatedOnToolsVersion = 15.4;
						TestTargetID = 056FD85F2C7F577F00D8D4E6;
					};
				};
			};
			buildConfigurationList = 056FD85B2C7F577F00D8D4E6 /* Build configuration list for PBXProject "FetchAssignment" */;
			compatibilityVersion = "Xcode 14.0";
			developmentRegion = en;
			hasScannedForEncodings = 0;
			knownRegions = (
				en,
				Base,
			);
			mainGroup = 056FD8572C7F577F00D8D4E6;
			packageReferences = (
				056FD88D2C7F581400D8D4E6 /* XCLocalSwiftPackageReference "AppDomain" */,
				056FD8902C7F582900D8D4E6 /* XCLocalSwiftPackageReference "AppUI" */,
			);
			productRefGroup = 056FD8612C7F577F00D8D4E6 /* Products */;
			projectDirPath = "";
			projectRoot = "";
			targets = (
				056FD85F2C7F577F00D8D4E6 /* FetchAssignment */,
				056FD86F2C7F578100D8D4E6 /* FetchAssignmentTests */,
				056FD8792C7F578100D8D4E6 /* FetchAssignmentUITests */,
			);
		};
/* End PBXProject section */

/* Begin PBXResourcesBuildPhase section */
		056FD85E2C7F577F00D8D4E6 /* Resources */ = {
			isa = PBXResourcesBuildPhase;
			buildActionMask = 2147483647;
			files = (
				056FD86B2C7F578100D8D4E6 /* Preview Assets.xcassets in Resources */,
				056FD8682C7F578100D8D4E6 /* Assets.xcassets in Resources */,
			);
			runOnlyForDeploymentPostprocessing = 0;
		};
		056FD86E2C7F578100D8D4E6 /* Resources */ = {
			isa = PBXResourcesBuildPhase;
			buildActionMask = 2147483647;
			files = (
			);
			runOnlyForDeploymentPostprocessing = 0;
		};
		056FD8782C7F578100D8D4E6 /* Resources */ = {
			isa = PBXResourcesBuildPhase;
			buildActionMask = 2147483647;
			files = (
			);
			runOnlyForDeploymentPostprocessing = 0;
		};
/* End PBXResourcesBuildPhase section */

/* Begin PBXSourcesBuildPhase section */
		056FD85C2C7F577F00D8D4E6 /* Sources */ = {
			isa = PBXSourcesBuildPhase;
			buildActionMask = 2147483647;
			files = (
				056FD8962C7F63EF00D8D4E6 /* MealDetailsView.swift in Sources */,
				056FD8662C7F577F00D8D4E6 /* ContentView.swift in Sources */,
				056FD8642C7F577F00D8D4E6 /* FetchAssignmentApp.swift in Sources */,
				056FD8982C7F657400D8D4E6 /* MealDetailsViewModel.swift in Sources */,
				056FD8942C7F5A7F00D8D4E6 /* ContentViewModel.swift in Sources */,
			);
			runOnlyForDeploymentPostprocessing = 0;
		};
		056FD86C2C7F578100D8D4E6 /* Sources */ = {
			isa = PBXSourcesBuildPhase;
			buildActionMask = 2147483647;
			files = (
				056FD8752C7F578100D8D4E6 /* FetchAssignmentTests.swift in Sources */,
			);
			runOnlyForDeploymentPostprocessing = 0;
		};
		056FD8762C7F578100D8D4E6 /* Sources */ = {
			isa = PBXSourcesBuildPhase;
			buildActionMask = 2147483647;
			files = (
				056FD8812C7F578100D8D4E6 /* FetchAssignmentUITestsLaunchTests.swift in Sources */,
				056FD87F2C7F578100D8D4E6 /* FetchAssignmentUITests.swift in Sources */,
			);
			runOnlyForDeploymentPostprocessing = 0;
		};
/* End PBXSourcesBuildPhase section */

/* Begin PBXTargetDependency section */
		056FD8722C7F578100D8D4E6 /* PBXTargetDependency */ = {
			isa = PBXTargetDependency;
			target = 056FD85F2C7F577F00D8D4E6 /* FetchAssignment */;
			targetProxy = 056FD8712C7F578100D8D4E6 /* PBXContainerItemProxy */;
		};
		056FD87C2C7F578100D8D4E6 /* PBXTargetDependency */ = {
			isa = PBXTargetDependency;
			target = 056FD85F2C7F577F00D8D4E6 /* FetchAssignment */;
			targetProxy = 056FD87B2C7F578100D8D4E6 /* PBXContainerItemProxy */;
		};
/* End PBXTargetDependency section */

/* Begin XCBuildConfiguration section */
		056FD8822C7F578100D8D4E6 /* Debug */ = {
			isa = XCBuildConfiguration;
			buildSettings = {
				ALWAYS_SEARCH_USER_PATHS = NO;
				ASSETCATALOG_COMPILER_GENERATE_SWIFT_ASSET_SYMBOL_EXTENSIONS = YES;
				CLANG_ANALYZER_NONNULL = YES;
				CLANG_ANALYZER_NUMBER_OBJECT_CONVERSION = YES_AGGRESSIVE;
				CLANG_CXX_LANGUAGE_STANDARD = "gnu++20";
				CLANG_ENABLE_MODULES = YES;
				CLANG_ENABLE_OBJC_ARC = YES;
				CLANG_ENABLE_OBJC_WEAK = YES;
				CLANG_WARN_BLOCK_CAPTURE_AUTORELEASING = YES;
				CLANG_WARN_BOOL_CONVERSION = YES;
				CLANG_WARN_COMMA = YES;
				CLANG_WARN_CONSTANT_CONVERSION = YES;
				CLANG_WARN_DEPRECATED_OBJC_IMPLEMENTATIONS = YES;
				CLANG_WARN_DIRECT_OBJC_ISA_USAGE = YES_ERROR;
				CLANG_WARN_DOCUMENTATION_COMMENTS = YES;
				CLANG_WARN_EMPTY_BODY = YES;
				CLANG_WARN_ENUM_CONVERSION = YES;
				CLANG_WARN_INFINITE_RECURSION = YES;
				CLANG_WARN_INT_CONVERSION = YES;
				CLANG_WARN_NON_LITERAL_NULL_CONVERSION = YES;
				CLANG_WARN_OBJC_IMPLICIT_RETAIN_SELF = YES;
				CLANG_WARN_OBJC_LITERAL_CONVERSION = YES;
				CLANG_WARN_OBJC_ROOT_CLASS = YES_ERROR;
				CLANG_WARN_QUOTED_INCLUDE_IN_FRAMEWORK_HEADER = YES;
				CLANG_WARN_RANGE_LOOP_ANALYSIS = YES;
				CLANG_WARN_STRICT_PROTOTYPES = YES;
				CLANG_WARN_SUSPICIOUS_MOVE = YES;
				CLANG_WARN_UNGUARDED_AVAILABILITY = YES_AGGRESSIVE;
				CLANG_WARN_UNREACHABLE_CODE = YES;
				CLANG_WARN__DUPLICATE_METHOD_MATCH = YES;
				COPY_PHASE_STRIP = NO;
				DEBUG_INFORMATION_FORMAT = dwarf;
				ENABLE_STRICT_OBJC_MSGSEND = YES;
				ENABLE_TESTABILITY = YES;
				ENABLE_USER_SCRIPT_SANDBOXING = YES;
				GCC_C_LANGUAGE_STANDARD = gnu17;
				GCC_DYNAMIC_NO_PIC = NO;
				GCC_NO_COMMON_BLOCKS = YES;
				GCC_OPTIMIZATION_LEVEL = 0;
				GCC_PREPROCESSOR_DEFINITIONS = (
					"DEBUG=1",
					"$(inherited)",
				);
				GCC_WARN_64_TO_32_BIT_CONVERSION = YES;
				GCC_WARN_ABOUT_RETURN_TYPE = YES_ERROR;
				GCC_WARN_UNDECLARED_SELECTOR = YES;
				GCC_WARN_UNINITIALIZED_AUTOS = YES_AGGRESSIVE;
				GCC_WARN_UNUSED_FUNCTION = YES;
				GCC_WARN_UNUSED_VARIABLE = YES;
				IPHONEOS_DEPLOYMENT_TARGET = 17.5;
				LOCALIZATION_PREFERS_STRING_CATALOGS = YES;
				MTL_ENABLE_DEBUG_INFO = INCLUDE_SOURCE;
				MTL_FAST_MATH = YES;
				ONLY_ACTIVE_ARCH = YES;
				SDKROOT = iphoneos;
				SWIFT_ACTIVE_COMPILATION_CONDITIONS = "DEBUG $(inherited)";
				SWIFT_OPTIMIZATION_LEVEL = "-Onone";
			};
			name = Debug;
		};
		056FD8832C7F578100D8D4E6 /* Release */ = {
			isa = XCBuildConfiguration;
			buildSettings = {
				ALWAYS_SEARCH_USER_PATHS = NO;
				ASSETCATALOG_COMPILER_GENERATE_SWIFT_ASSET_SYMBOL_EXTENSIONS = YES;
				CLANG_ANALYZER_NONNULL = YES;
				CLANG_ANALYZER_NUMBER_OBJECT_CONVERSION = YES_AGGRESSIVE;
				CLANG_CXX_LANGUAGE_STANDARD = "gnu++20";
				CLANG_ENABLE_MODULES = YES;
				CLANG_ENABLE_OBJC_ARC = YES;
				CLANG_ENABLE_OBJC_WEAK = YES;
				CLANG_WARN_BLOCK_CAPTURE_AUTORELEASING = YES;
				CLANG_WARN_BOOL_CONVERSION = YES;
				CLANG_WARN_COMMA = YES;
				CLANG_WARN_CONSTANT_CONVERSION = YES;
				CLANG_WARN_DEPRECATED_OBJC_IMPLEMENTATIONS = YES;
				CLANG_WARN_DIRECT_OBJC_ISA_USAGE = YES_ERROR;
				CLANG_WARN_DOCUMENTATION_COMMENTS = YES;
				CLANG_WARN_EMPTY_BODY = YES;
				CLANG_WARN_ENUM_CONVERSION = YES;
				CLANG_WARN_INFINITE_RECURSION = YES;
				CLANG_WARN_INT_CONVERSION = YES;
				CLANG_WARN_NON_LITERAL_NULL_CONVERSION = YES;
				CLANG_WARN_OBJC_IMPLICIT_RETAIN_SELF = YES;
				CLANG_WARN_OBJC_LITERAL_CONVERSION = YES;
				CLANG_WARN_OBJC_ROOT_CLASS = YES_ERROR;
				CLANG_WARN_QUOTED_INCLUDE_IN_FRAMEWORK_HEADER = YES;
				CLANG_WARN_RANGE_LOOP_ANALYSIS = YES;
				CLANG_WARN_STRICT_PROTOTYPES = YES;
				CLANG_WARN_SUSPICIOUS_MOVE = YES;
				CLANG_WARN_UNGUARDED_AVAILABILITY = YES_AGGRESSIVE;
				CLANG_WARN_UNREACHABLE_CODE = YES;
				CLANG_WARN__DUPLICATE_METHOD_MATCH = YES;
				COPY_PHASE_STRIP = NO;
				DEBUG_INFORMATION_FORMAT = "dwarf-with-dsym";
				ENABLE_NS_ASSERTIONS = NO;
				ENABLE_STRICT_OBJC_MSGSEND = YES;
				ENABLE_USER_SCRIPT_SANDBOXING = YES;
				GCC_C_LANGUAGE_STANDARD = gnu17;
				GCC_NO_COMMON_BLOCKS = YES;
				GCC_WARN_64_TO_32_BIT_CONVERSION = YES;
				GCC_WARN_ABOUT_RETURN_TYPE = YES_ERROR;
				GCC_WARN_UNDECLARED_SELECTOR = YES;
				GCC_WARN_UNINITIALIZED_AUTOS = YES_AGGRESSIVE;
				GCC_WARN_UNUSED_FUNCTION = YES;
				GCC_WARN_UNUSED_VARIABLE = YES;
				IPHONEOS_DEPLOYMENT_TARGET = 17.5;
				LOCALIZATION_PREFERS_STRING_CATALOGS = YES;
				MTL_ENABLE_DEBUG_INFO = NO;
				MTL_FAST_MATH = YES;
				SDKROOT = iphoneos;
				SWIFT_COMPILATION_MODE = wholemodule;
				VALIDATE_PRODUCT = YES;
			};
			name = Release;
		};
		056FD8852C7F578100D8D4E6 /* Debug */ = {
			isa = XCBuildConfiguration;
			buildSettings = {
				ASSETCATALOG_COMPILER_APPICON_NAME = AppIcon;
				ASSETCATALOG_COMPILER_GLOBAL_ACCENT_COLOR_NAME = AccentColor;
				CODE_SIGN_STYLE = Automatic;
				CURRENT_PROJECT_VERSION = 1;
				DEVELOPMENT_ASSET_PATHS = "\"FetchAssignment/Preview Content\"";
				DEVELOPMENT_TEAM = NKHMY3888L;
				ENABLE_PREVIEWS = YES;
				GENERATE_INFOPLIST_FILE = YES;
				INFOPLIST_KEY_UIApplicationSceneManifest_Generation = YES;
				INFOPLIST_KEY_UIApplicationSupportsIndirectInputEvents = YES;
				INFOPLIST_KEY_UILaunchScreen_Generation = YES;
				INFOPLIST_KEY_UISupportedInterfaceOrientations_iPad = "UIInterfaceOrientationPortrait UIInterfaceOrientationPortraitUpsideDown UIInterfaceOrientationLandscapeLeft UIInterfaceOrientationLandscapeRight";
				INFOPLIST_KEY_UISupportedInterfaceOrientations_iPhone = "UIInterfaceOrientationPortrait UIInterfaceOrientationLandscapeLeft UIInterfaceOrientationLandscapeRight";
				LD_RUNPATH_SEARCH_PATHS = (
					"$(inherited)",
					"@executable_path/Frameworks",
				);
				MARKETING_VERSION = 1.0;
				PRODUCT_BUNDLE_IDENTIFIER = com.joel.fetch.assignment.FetchAssignment;
				PRODUCT_NAME = "$(TARGET_NAME)";
				SWIFT_EMIT_LOC_STRINGS = YES;
				SWIFT_VERSION = 5.0;
				TARGETED_DEVICE_FAMILY = "1,2";
			};
			name = Debug;
		};
		056FD8862C7F578100D8D4E6 /* Release */ = {
			isa = XCBuildConfiguration;
			buildSettings = {
				ASSETCATALOG_COMPILER_APPICON_NAME = AppIcon;
				ASSETCATALOG_COMPILER_GLOBAL_ACCENT_COLOR_NAME = AccentColor;
				CODE_SIGN_STYLE = Automatic;
				CURRENT_PROJECT_VERSION = 1;
				DEVELOPMENT_ASSET_PATHS = "\"FetchAssignment/Preview Content\"";
				DEVELOPMENT_TEAM = NKHMY3888L;
				ENABLE_PREVIEWS = YES;
				GENERATE_INFOPLIST_FILE = YES;
				INFOPLIST_KEY_UIApplicationSceneManifest_Generation = YES;
				INFOPLIST_KEY_UIApplicationSupportsIndirectInputEvents = YES;
				INFOPLIST_KEY_UILaunchScreen_Generation = YES;
				INFOPLIST_KEY_UISupportedInterfaceOrientations_iPad = "UIInterfaceOrientationPortrait UIInterfaceOrientationPortraitUpsideDown UIInterfaceOrientationLandscapeLeft UIInterfaceOrientationLandscapeRight";
				INFOPLIST_KEY_UISupportedInterfaceOrientations_iPhone = "UIInterfaceOrientationPortrait UIInterfaceOrientationLandscapeLeft UIInterfaceOrientationLandscapeRight";
				LD_RUNPATH_SEARCH_PATHS = (
					"$(inherited)",
					"@executable_path/Frameworks",
				);
				MARKETING_VERSION = 1.0;
				PRODUCT_BUNDLE_IDENTIFIER = com.joel.fetch.assignment.FetchAssignment;
				PRODUCT_NAME = "$(TARGET_NAME)";
				SWIFT_EMIT_LOC_STRINGS = YES;
				SWIFT_VERSION = 5.0;
				TARGETED_DEVICE_FAMILY = "1,2";
			};
			name = Release;
		};
		056FD8882C7F578100D8D4E6 /* Debug */ = {
			isa = XCBuildConfiguration;
			buildSettings = {
				ALWAYS_EMBED_SWIFT_STANDARD_LIBRARIES = YES;
				BUNDLE_LOADER = "$(TEST_HOST)";
				CODE_SIGN_STYLE = Automatic;
				CURRENT_PROJECT_VERSION = 1;
				DEVELOPMENT_TEAM = NKHMY3888L;
				GENERATE_INFOPLIST_FILE = YES;
				IPHONEOS_DEPLOYMENT_TARGET = 17.5;
				MARKETING_VERSION = 1.0;
				PRODUCT_BUNDLE_IDENTIFIER = com.joel.fetch.assignment.FetchAssignmentTests;
				PRODUCT_NAME = "$(TARGET_NAME)";
				SWIFT_EMIT_LOC_STRINGS = NO;
				SWIFT_VERSION = 5.0;
				TARGETED_DEVICE_FAMILY = "1,2";
				TEST_HOST = "$(BUILT_PRODUCTS_DIR)/FetchAssignment.app/$(BUNDLE_EXECUTABLE_FOLDER_PATH)/FetchAssignment";
			};
			name = Debug;
		};
		056FD8892C7F578100D8D4E6 /* Release */ = {
			isa = XCBuildConfiguration;
			buildSettings = {
				ALWAYS_EMBED_SWIFT_STANDARD_LIBRARIES = YES;
				BUNDLE_LOADER = "$(TEST_HOST)";
				CODE_SIGN_STYLE = Automatic;
				CURRENT_PROJECT_VERSION = 1;
				DEVELOPMENT_TEAM = NKHMY3888L;
				GENERATE_INFOPLIST_FILE = YES;
				IPHONEOS_DEPLOYMENT_TARGET = 17.5;
				MARKETING_VERSION = 1.0;
				PRODUCT_BUNDLE_IDENTIFIER = com.joel.fetch.assignment.FetchAssignmentTests;
				PRODUCT_NAME = "$(TARGET_NAME)";
				SWIFT_EMIT_LOC_STRINGS = NO;
				SWIFT_VERSION = 5.0;
				TARGETED_DEVICE_FAMILY = "1,2";
				TEST_HOST = "$(BUILT_PRODUCTS_DIR)/FetchAssignment.app/$(BUNDLE_EXECUTABLE_FOLDER_PATH)/FetchAssignment";
			};
			name = Release;
		};
		056FD88B2C7F578100D8D4E6 /* Debug */ = {
			isa = XCBuildConfiguration;
			buildSettings = {
				ALWAYS_EMBED_SWIFT_STANDARD_LIBRARIES = YES;
				CODE_SIGN_STYLE = Automatic;
				CURRENT_PROJECT_VERSION = 1;
				DEVELOPMENT_TEAM = NKHMY3888L;
				GENERATE_INFOPLIST_FILE = YES;
				MARKETING_VERSION = 1.0;
				PRODUCT_BUNDLE_IDENTIFIER = com.joel.fetch.assignment.FetchAssignmentUITests;
				PRODUCT_NAME = "$(TARGET_NAME)";
				SWIFT_EMIT_LOC_STRINGS = NO;
				SWIFT_VERSION = 5.0;
				TARGETED_DEVICE_FAMILY = "1,2";
				TEST_TARGET_NAME = FetchAssignment;
			};
			name = Debug;
		};
		056FD88C2C7F578100D8D4E6 /* Release */ = {
			isa = XCBuildConfiguration;
			buildSettings = {
				ALWAYS_EMBED_SWIFT_STANDARD_LIBRARIES = YES;
				CODE_SIGN_STYLE = Automatic;
				CURRENT_PROJECT_VERSION = 1;
				DEVELOPMENT_TEAM = NKHMY3888L;
				GENERATE_INFOPLIST_FILE = YES;
				MARKETING_VERSION = 1.0;
				PRODUCT_BUNDLE_IDENTIFIER = com.joel.fetch.assignment.FetchAssignmentUITests;
				PRODUCT_NAME = "$(TARGET_NAME)";
				SWIFT_EMIT_LOC_STRINGS = NO;
				SWIFT_VERSION = 5.0;
				TARGETED_DEVICE_FAMILY = "1,2";
				TEST_TARGET_NAME = FetchAssignment;
			};
			name = Release;
		};
/* End XCBuildConfiguration section */

/* Begin XCConfigurationList section */
		056FD85B2C7F577F00D8D4E6 /* Build configuration list for PBXProject "FetchAssignment" */ = {
			isa = XCConfigurationList;
			buildConfigurations = (
				056FD8822C7F578100D8D4E6 /* Debug */,
				056FD8832C7F578100D8D4E6 /* Release */,
			);
			defaultConfigurationIsVisible = 0;
			defaultConfigurationName = Release;
		};
		056FD8842C7F578100D8D4E6 /* Build configuration list for PBXNativeTarget "FetchAssignment" */ = {
			isa = XCConfigurationList;
			buildConfigurations = (
				056FD8852C7F578100D8D4E6 /* Debug */,
				056FD8862C7F578100D8D4E6 /* Release */,
			);
			defaultConfigurationIsVisible = 0;
			defaultConfigurationName = Release;
		};
		056FD8872C7F578100D8D4E6 /* Build configuration list for PBXNativeTarget "FetchAssignmentTests" */ = {
			isa = XCConfigurationList;
			buildConfigurations = (
				056FD8882C7F578100D8D4E6 /* Debug */,
				056FD8892C7F578100D8D4E6 /* Release */,
			);
			defaultConfigurationIsVisible = 0;
			defaultConfigurationName = Release;
		};
		056FD88A2C7F578100D8D4E6 /* Build configuration list for PBXNativeTarget "FetchAssignmentUITests" */ = {
			isa = XCConfigurationList;
			buildConfigurations = (
				056FD88B2C7F578100D8D4E6 /* Debug */,
				056FD88C2C7F578100D8D4E6 /* Release */,
			);
			defaultConfigurationIsVisible = 0;
			defaultConfigurationName = Release;
		};
/* End XCConfigurationList section */

/* Begin XCLocalSwiftPackageReference section */
		056FD88D2C7F581400D8D4E6 /* XCLocalSwiftPackageReference "AppDomain" */ = {
			isa = XCLocalSwiftPackageReference;
			relativePath = AppDomain;
		};
		056FD8902C7F582900D8D4E6 /* XCLocalSwiftPackageReference "AppUI" */ = {
			isa = XCLocalSwiftPackageReference;
			relativePath = AppUI;
		};
/* End XCLocalSwiftPackageReference section */

/* Begin XCSwiftPackageProductDependency section */
		056FD88E2C7F581400D8D4E6 /* AppDomain */ = {
			isa = XCSwiftPackageProductDependency;
			productName = AppDomain;
		};
		056FD8912C7F582900D8D4E6 /* AppUI */ = {
			isa = XCSwiftPackageProductDependency;
			productName = AppUI;
		};
/* End XCSwiftPackageProductDependency section */
	};
	rootObject = 056FD8582C7F577F00D8D4E6 /* Project object */;
}
